
Microsoft Visual Studio Solution File, Format Version 12.00
# Visual Studio Version 16
VisualStudioVersion = 16.0.31112.23
MinimumVisualStudioVersion = 10.0.40219.1
Project("{FAE04EC0-301F-11D3-BF4B-00C04F79EFBC}") = "GanjinehStore", "GanjinehStore\GanjinehStore.csproj", "{D18C7410-A5B8-4CCA-9448-13DC7C4CCCAB}"
EndProject
Global
	GlobalSection(SolutionConfigurationPlatforms) = preSolution
		Debug|Any CPU = Debug|Any CPU
		Release|Any CPU = Release|Any CPU
	EndGlobalSection
	GlobalSection(ProjectConfigurationPlatforms) = postSolution
		{D18C7410-A5B8-4CCA-9448-13DC7C4CCCAB}.Debug|Any CPU.ActiveCfg = Debug|Any CPU
		{D18C7410-A5B8-4CCA-9448-13DC7C4CCCAB}.Debug|Any CPU.Build.0 = Debug|Any CPU
		{D18C7410-A5B8-4CCA-9448-13DC7C4CCCAB}.Release|Any CPU.ActiveCfg = Release|Any CPU
		{D18C7410-A5B8-4CCA-9448-13DC7C4CCCAB}.Release|Any CPU.Build.0 = Release|Any CPU
	EndGlobalSection
	GlobalSection(SolutionProperties) = preSolution
		HideSolutionNode = FALSE
	EndGlobalSection
	GlobalSection(ExtensibilityGlobals) = postSolution
		SolutionGuid = {9541EDFF-7BB8-4CE9-9CD7-6E75494A61B5}
	EndGlobalSection
EndGlobal
